// !$*UTF8*$!
{
	archiveVersion = 1;
	classes = {
	};
	objectVersion = 56;
	objects = {

/* Begin PBXBuildFile section */
		A24BD3902BBDA909005565AE /* AppDelegate.swift in Sources */ = {isa = PBXBuildFile; fileRef = A24BD38F2BBDA909005565AE /* AppDelegate.swift */; };
		A24BD3922BBDA909005565AE /* SceneDelegate.swift in Sources */ = {isa = PBXBuildFile; fileRef = A24BD3912BBDA909005565AE /* SceneDelegate.swift */; };
		A24BD3942BBDA909005565AE /* ViewController.swift in Sources */ = {isa = PBXBuildFile; fileRef = A24BD3932BBDA909005565AE /* ViewController.swift */; };
		A24BD3972BBDA909005565AE /* Base in Resources */ = {isa = PBXBuildFile; fileRef = A24BD3962BBDA909005565AE /* Base */; };
		A24BD3992BBDA90B005565AE /* Assets.xcassets in Resources */ = {isa = PBXBuildFile; fileRef = A24BD3982BBDA90B005565AE /* Assets.xcassets */; };
		A24BD39C2BBDA90B005565AE /* Base in Resources */ = {isa = PBXBuildFile; fileRef = A24BD39B2BBDA90B005565AE /* Base */; };
		A24BD3A72BBDA90C005565AE /* ViewTests.swift in Sources */ = {isa = PBXBuildFile; fileRef = A24BD3A62BBDA90C005565AE /* ViewTests.swift */; };
		A24BD3B12BBDA90C005565AE /* ViewUITests.swift in Sources */ = {isa = PBXBuildFile; fileRef = A24BD3B02BBDA90C005565AE /* ViewUITests.swift */; };
		A24BD3B32BBDA90C005565AE /* ViewUITestsLaunchTests.swift in Sources */ = {isa = PBXBuildFile; fileRef = A24BD3B22BBDA90C005565AE /* ViewUITestsLaunchTests.swift */; };
/* End PBXBuildFile section */

/* Begin PBXContainerItemProxy section */
		A24BD3A32BBDA90C005565AE /* PBXContainerItemProxy */ = {
			isa = PBXContainerItemProxy;
			containerPortal = A24BD3842BBDA909005565AE /* Project object */;
			proxyType = 1;
			remoteGlobalIDString = A24BD38B2BBDA909005565AE;
			remoteInfo = View;
		};
		A24BD3AD2BBDA90C005565AE /* PBXContainerItemProxy */ = {
			isa = PBXContainerItemProxy;
			containerPortal = A24BD3842BBDA909005565AE /* Project object */;
			proxyType = 1;
			remoteGlobalIDString = A24BD38B2BBDA909005565AE;
			remoteInfo = View;
		};
/* End PBXContainerItemProxy section */

/* Begin PBXFileReference section */
		A24BD38C2BBDA909005565AE /* View.app */ = {isa = PBXFileReference; explicitFileType = wrapper.application; includeInIndex = 0; path = View.app; sourceTree = BUILT_PRODUCTS_DIR; };
		A24BD38F2BBDA909005565AE /* AppDelegate.swift */ = {isa = PBXFileReference; lastKnownFileType = sourcecode.swift; path = AppDelegate.swift; sourceTree = "<group>"; };
		A24BD3912BBDA909005565AE /* SceneDelegate.swift */ = {isa = PBXFileReference; lastKnownFileType = sourcecode.swift; path = SceneDelegate.swift; sourceTree = "<group>"; };
		A24BD3932BBDA909005565AE /* ViewController.swift */ = {isa = PBXFileReference; lastKnownFileType = sourcecode.swift; path = ViewController.swift; sourceTree = "<group>"; };
		A24BD3962BBDA909005565AE /* Base */ = {isa = PBXFileReference; lastKnownFileType = file.storyboard; name = Base; path = Base.lproj/Main.storyboard; sourceTree = "<group>"; };
		A24BD3982BBDA90B005565AE /* Assets.xcassets */ = {isa = PBXFileReference; lastKnownFileType = folder.assetcatalog; path = Assets.xcassets; sourceTree = "<group>"; };
		A24BD39B2BBDA90B005565AE /* Base */ = {isa = PBXFileReference; lastKnownFileType = file.storyboard; name = Base; path = Base.lproj/LaunchScreen.storyboard; sourceTree = "<group>"; };
		A24BD39D2BBDA90B005565AE /* Info.plist */ = {isa = PBXFileReference; lastKnownFileType = text.plist.xml; path = Info.plist; sourceTree = "<group>"; };
		A24BD3A22BBDA90C005565AE /* ViewTests.xctest */ = {isa = PBXFileReference; explicitFileType = wrapper.cfbundle; includeInIndex = 0; path = ViewTests.xctest; sourceTree = BUILT_PRODUCTS_DIR; };
		A24BD3A62BBDA90C005565AE /* ViewTests.swift */ = {isa = PBXFileReference; lastKnownFileType = sourcecode.swift; path = ViewTests.swift; sourceTree = "<group>"; };
		A24BD3AC2BBDA90C005565AE /* ViewUITests.xctest */ = {isa = PBXFileReference; explicitFileType = wrapper.cfbundle; includeInIndex = 0; path = ViewUITests.xctest; sourceTree = BUILT_PRODUCTS_DIR; };
		A24BD3B02BBDA90C005565AE /* ViewUITests.swift */ = {isa = PBXFileReference; lastKnownFileType = sourcecode.swift; path = ViewUITests.swift; sourceTree = "<group>"; };
		A24BD3B22BBDA90C005565AE /* ViewUITestsLaunchTests.swift */ = {isa = PBXFileReference; lastKnownFileType = sourcecode.swift; path = ViewUITestsLaunchTests.swift; sourceTree = "<group>"; };
/* End PBXFileReference section */

/* Begin PBXFrameworksBuildPhase section */
		A24BD3892BBDA909005565AE /* Frameworks */ = {
			isa = PBXFrameworksBuildPhase;
			buildActionMask = 2147483647;
			files = (
			);
			runOnlyForDeploymentPostprocessing = 0;
		};
		A24BD39F2BBDA90C005565AE /* Frameworks */ = {
			isa = PBXFrameworksBuildPhase;
			buildActionMask = 2147483647;
			files = (
			);
			runOnlyForDeploymentPostprocessing = 0;
		};
		A24BD3A92BBDA90C005565AE /* Frameworks */ = {
			isa = PBXFrameworksBuildPhase;
			buildActionMask = 2147483647;
			files = (
			);
			runOnlyForDeploymentPostprocessing = 0;
		};
/* End PBXFrameworksBuildPhase section */

/* Begin PBXGroup section */
		A24BD3832BBDA909005565AE = {
			isa = PBXGroup;
			children = (
				A24BD38E2BBDA909005565AE /* View */,
				A24BD3A52BBDA90C005565AE /* ViewTests */,
				A24BD3AF2BBDA90C005565AE /* ViewUITests */,
				A24BD38D2BBDA909005565AE /* Products */,
			);
			sourceTree = "<group>";
		};
		A24BD38D2BBDA909005565AE /* Products */ = {
			isa = PBXGroup;
			children = (
				A24BD38C2BBDA909005565AE /* View.app */,
				A24BD3A22BBDA90C005565AE /* ViewTests.xctest */,
				A24BD3AC2BBDA90C005565AE /* ViewUITests.xctest */,
			);
			name = Products;
			sourceTree = "<group>";
		};
		A24BD38E2BBDA909005565AE /* View */ = {
			isa = PBXGroup;
			children = (
				A24BD38F2BBDA909005565AE /* AppDelegate.swift */,
				A24BD3912BBDA909005565AE /* SceneDelegate.swift */,
				A24BD3932BBDA909005565AE /* ViewController.swift */,
				A24BD3952BBDA909005565AE /* Main.storyboard */,
				A24BD3982BBDA90B005565AE /* Assets.xcassets */,
				A24BD39A2BBDA90B005565AE /* LaunchScreen.storyboard */,
				A24BD39D2BBDA90B005565AE /* Info.plist */,
			);
			path = View;
			sourceTree = "<group>";
		};
		A24BD3A52BBDA90C005565AE /* ViewTests */ = {
			isa = PBXGroup;
			children = (
				A24BD3A62BBDA90C005565AE /* ViewTests.swift */,
			);
			path = ViewTests;
			sourceTree = "<group>";
		};
		A24BD3AF2BBDA90C005565AE /* ViewUITests */ = {
			isa = PBXGroup;
			children = (
				A24BD3B02BBDA90C005565AE /* ViewUITests.swift */,
				A24BD3B22BBDA90C005565AE /* ViewUITestsLaunchTests.swift */,
			);
			path = ViewUITests;
			sourceTree = "<group>";
		};
/* End PBXGroup section */

/* Begin PBXNativeTarget section */
		A24BD38B2BBDA909005565AE /* View */ = {
			isa = PBXNativeTarget;
			buildConfigurationList = A24BD3B62BBDA90C005565AE /* Build configuration list for PBXNativeTarget "View" */;
			buildPhases = (
				A24BD3882BBDA909005565AE /* Sources */,
				A24BD3892BBDA909005565AE /* Frameworks */,
				A24BD38A2BBDA909005565AE /* Resources */,
			);
			buildRules = (
			);
			dependencies = (
			);
			name = View;
			productName = View;
			productReference = A24BD38C2BBDA909005565AE /* View.app */;
			productType = "com.apple.product-type.application";
		};
		A24BD3A12BBDA90C005565AE /* ViewTests */ = {
			isa = PBXNativeTarget;
			buildConfigurationList = A24BD3B92BBDA90C005565AE /* Build configuration list for PBXNativeTarget "ViewTests" */;
			buildPhases = (
				A24BD39E2BBDA90C005565AE /* Sources */,
				A24BD39F2BBDA90C005565AE /* Frameworks */,
				A24BD3A02BBDA90C005565AE /* Resources */,
			);
			buildRules = (
			);
			dependencies = (
				A24BD3A42BBDA90C005565AE /* PBXTargetDependency */,
			);
			name = ViewTests;
			productName = ViewTests;
			productReference = A24BD3A22BBDA90C005565AE /* ViewTests.xctest */;
			productType = "com.apple.product-type.bundle.unit-test";
		};
		A24BD3AB2BBDA90C005565AE /* ViewUITests */ = {
			isa = PBXNativeTarget;
			buildConfigurationList = A24BD3BC2BBDA90C005565AE /* Build configuration list for PBXNativeTarget "ViewUITests" */;
			buildPhases = (
				A24BD3A82BBDA90C005565AE /* Sources */,
				A24BD3A92BBDA90C005565AE /* Frameworks */,
				A24BD3AA2BBDA90C005565AE /* Resources */,
			);
			buildRules = (
			);
			dependencies = (
				A24BD3AE2BBDA90C005565AE /* PBXTargetDependency */,
			);
			name = ViewUITests;
			productName = ViewUITests;
			productReference = A24BD3AC2BBDA90C005565AE /* ViewUITests.xctest */;
			productType = "com.apple.product-type.bundle.ui-testing";
		};
/* End PBXNativeTarget section */

/* Begin PBXProject section */
		A24BD3842BBDA909005565AE /* Project object */ = {
			isa = PBXProject;
			attributes = {
				BuildIndependentTargetsInParallel = 1;
				LastSwiftUpdateCheck = 1530;
				LastUpgradeCheck = 1530;
				TargetAttributes = {
					A24BD38B2BBDA909005565AE = {
						CreatedOnToolsVersion = 15.3;
					};
					A24BD3A12BBDA90C005565AE = {
						CreatedOnToolsVersion = 15.3;
						TestTargetID = A24BD38B2BBDA909005565AE;
					};
					A24BD3AB2BBDA90C005565AE = {
						CreatedOnToolsVersion = 15.3;
						TestTargetID = A24BD38B2BBDA909005565AE;
					};
				};
			};
			buildConfigurationList = A24BD3872BBDA909005565AE /* Build configuration list for PBXProject "View" */;
			compatibilityVersion = "Xcode 14.0";
			developmentRegion = en;
			hasScannedForEncodings = 0;
			knownRegions = (
				en,
				Base,
			);
			mainGroup = A24BD3832BBDA909005565AE;
			productRefGroup = A24BD38D2BBDA909005565AE /* Products */;
			projectDirPath = "";
			projectRoot = "";
			targets = (
				A24BD38B2BBDA909005565AE /* View */,
				A24BD3A12BBDA90C005565AE /* ViewTests */,
				A24BD3AB2BBDA90C005565AE /* ViewUITests */,
			);
		};
/* End PBXProject section */

/* Begin PBXResourcesBuildPhase section */
		A24BD38A2BBDA909005565AE /* Resources */ = {
			isa = PBXResourcesBuildPhase;
			buildActionMask = 2147483647;
			files = (
				A24BD3992BBDA90B005565AE /* Assets.xcassets in Resources */,
				A24BD39C2BBDA90B005565AE /* Base in Resources */,
				A24BD3972BBDA909005565AE /* Base in Resources */,
			);
			runOnlyForDeploymentPostprocessing = 0;
		};
		A24BD3A02BBDA90C005565AE /* Resources */ = {
			isa = PBXResourcesBuildPhase;
			buildActionMask = 2147483647;
			files = (
			);
			runOnlyForDeploymentPostprocessing = 0;
		};
		A24BD3AA2BBDA90C005565AE /* Resources */ = {
			isa = PBXResourcesBuildPhase;
			buildActionMask = 2147483647;
			files = (
			);
			runOnlyForDeploymentPostprocessing = 0;
		};
/* End PBXResourcesBuildPhase section */

/* Begin PBXSourcesBuildPhase section */
		A24BD3882BBDA909005565AE /* Sources */ = {
			isa = PBXSourcesBuildPhase;
			buildActionMask = 2147483647;
			files = (
				A24BD3942BBDA909005565AE /* ViewController.swift in Sources */,
				A24BD3902BBDA909005565AE /* AppDelegate.swift in Sources */,
				A24BD3922BBDA909005565AE /* SceneDelegate.swift in Sources */,
			);
			runOnlyForDeploymentPostprocessing = 0;
		};
		A24BD39E2BBDA90C005565AE /* Sources */ = {
			isa = PBXSourcesBuildPhase;
			buildActionMask = 2147483647;
			files = (
				A24BD3A72BBDA90C005565AE /* ViewTests.swift in Sources */,
			);
			runOnlyForDeploymentPostprocessing = 0;
		};
		A24BD3A82BBDA90C005565AE /* Sources */ = {
			isa = PBXSourcesBuildPhase;
			buildActionMask = 2147483647;
			files = (
				A24BD3B12BBDA90C005565AE /* ViewUITests.swift in Sources */,
				A24BD3B32BBDA90C005565AE /* ViewUITestsLaunchTests.swift in Sources */,
			);
			runOnlyForDeploymentPostprocessing = 0;
		};
/* End PBXSourcesBuildPhase section */

/* Begin PBXTargetDependency section */
		A24BD3A42BBDA90C005565AE /* PBXTargetDependency */ = {
			isa = PBXTargetDependency;
			target = A24BD38B2BBDA909005565AE /* View */;
			targetProxy = A24BD3A32BBDA90C005565AE /* PBXContainerItemProxy */;
		};
		A24BD3AE2BBDA90C005565AE /* PBXTargetDependency */ = {
			isa = PBXTargetDependency;
			target = A24BD38B2BBDA909005565AE /* View */;
			targetProxy = A24BD3AD2BBDA90C005565AE /* PBXContainerItemProxy */;
		};
/* End PBXTargetDependency section */

/* Begin PBXVariantGroup section */
		A24BD3952BBDA909005565AE /* Main.storyboard */ = {
			isa = PBXVariantGroup;
			children = (
				A24BD3962BBDA909005565AE /* Base */,
			);
			name = Main.storyboard;
			sourceTree = "<group>";
		};
		A24BD39A2BBDA90B005565AE /* LaunchScreen.storyboard */ = {
			isa = PBXVariantGroup;
			children = (
				A24BD39B2BBDA90B005565AE /* Base */,
			);
			name = LaunchScreen.storyboard;
			sourceTree = "<group>";
		};
/* End PBXVariantGroup section */

/* Begin XCBuildConfiguration section */
		A24BD3B42BBDA90C005565AE /* Debug */ = {
			isa = XCBuildConfiguration;
			buildSettings = {
				ALWAYS_SEARCH_USER_PATHS = NO;
				ASSETCATALOG_COMPILER_GENERATE_SWIFT_ASSET_SYMBOL_EXTENSIONS = YES;
				CLANG_ANALYZER_NONNULL = YES;
				CLANG_ANALYZER_NUMBER_OBJECT_CONVERSION = YES_AGGRESSIVE;
				CLANG_CXX_LANGUAGE_STANDARD = "gnu++20";
				CLANG_ENABLE_MODULES = YES;
				CLANG_ENABLE_OBJC_ARC = YES;
				CLANG_ENABLE_OBJC_WEAK = YES;
				CLANG_WARN_BLOCK_CAPTURE_AUTORELEASING = YES;
				CLANG_WARN_BOOL_CONVERSION = YES;
				CLANG_WARN_COMMA = YES;
				CLANG_WARN_CONSTANT_CONVERSION = YES;
				CLANG_WARN_DEPRECATED_OBJC_IMPLEMENTATIONS = YES;
				CLANG_WARN_DIRECT_OBJC_ISA_USAGE = YES_ERROR;
				CLANG_WARN_DOCUMENTATION_COMMENTS = YES;
				CLANG_WARN_EMPTY_BODY = YES;
				CLANG_WARN_ENUM_CONVERSION = YES;
				CLANG_WARN_INFINITE_RECURSION = YES;
				CLANG_WARN_INT_CONVERSION = YES;
				CLANG_WARN_NON_LITERAL_NULL_CONVERSION = YES;
				CLANG_WARN_OBJC_IMPLICIT_RETAIN_SELF = YES;
				CLANG_WARN_OBJC_LITERAL_CONVERSION = YES;
				CLANG_WARN_OBJC_ROOT_CLASS = YES_ERROR;
				CLANG_WARN_QUOTED_INCLUDE_IN_FRAMEWORK_HEADER = YES;
				CLANG_WARN_RANGE_LOOP_ANALYSIS = YES;
				CLANG_WARN_STRICT_PROTOTYPES = YES;
				CLANG_WARN_SUSPICIOUS_MOVE = YES;
				CLANG_WARN_UNGUARDED_AVAILABILITY = YES_AGGRESSIVE;
				CLANG_WARN_UNREACHABLE_CODE = YES;
				CLANG_WARN__DUPLICATE_METHOD_MATCH = YES;
				COPY_PHASE_STRIP = NO;
				DEBUG_INFORMATION_FORMAT = dwarf;
				ENABLE_STRICT_OBJC_MSGSEND = YES;
				ENABLE_TESTABILITY = YES;
				ENABLE_USER_SCRIPT_SANDBOXING = YES;
				GCC_C_LANGUAGE_STANDARD = gnu17;
				GCC_DYNAMIC_NO_PIC = NO;
				GCC_NO_COMMON_BLOCKS = YES;
				GCC_OPTIMIZATION_LEVEL = 0;
				GCC_PREPROCESSOR_DEFINITIONS = (
					"DEBUG=1",
					"$(inherited)",
				);
				GCC_WARN_64_TO_32_BIT_CONVERSION = YES;
				GCC_WARN_ABOUT_RETURN_TYPE = YES_ERROR;
				GCC_WARN_UNDECLARED_SELECTOR = YES;
				GCC_WARN_UNINITIALIZED_AUTOS = YES_AGGRESSIVE;
				GCC_WARN_UNUSED_FUNCTION = YES;
				GCC_WARN_UNUSED_VARIABLE = YES;
				IPHONEOS_DEPLOYMENT_TARGET = 17.4;
				LOCALIZATION_PREFERS_STRING_CATALOGS = YES;
				MTL_ENABLE_DEBUG_INFO = INCLUDE_SOURCE;
				MTL_FAST_MATH = YES;
				ONLY_ACTIVE_ARCH = YES;
				SDKROOT = iphoneos;
				SWIFT_ACTIVE_COMPILATION_CONDITIONS = "DEBUG $(inherited)";
				SWIFT_OPTIMIZATION_LEVEL = "-Onone";
			};
			name = Debug;
		};
		A24BD3B52BBDA90C005565AE /* Release */ = {
			isa = XCBuildConfiguration;
			buildSettings = {
				ALWAYS_SEARCH_USER_PATHS = NO;
				ASSETCATALOG_COMPILER_GENERATE_SWIFT_ASSET_SYMBOL_EXTENSIONS = YES;
				CLANG_ANALYZER_NONNULL = YES;
				CLANG_ANALYZER_NUMBER_OBJECT_CONVERSION = YES_AGGRESSIVE;
				CLANG_CXX_LANGUAGE_STANDARD = "gnu++20";
				CLANG_ENABLE_MODULES = YES;
				CLANG_ENABLE_OBJC_ARC = YES;
				CLANG_ENABLE_OBJC_WEAK = YES;
				CLANG_WARN_BLOCK_CAPTURE_AUTORELEASING = YES;
				CLANG_WARN_BOOL_CONVERSION = YES;
				CLANG_WARN_COMMA = YES;
				CLANG_WARN_CONSTANT_CONVERSION = YES;
				CLANG_WARN_DEPRECATED_OBJC_IMPLEMENTATIONS = YES;
				CLANG_WARN_DIRECT_OBJC_ISA_USAGE = YES_ERROR;
				CLANG_WARN_DOCUMENTATION_COMMENTS = YES;
				CLANG_WARN_EMPTY_BODY = YES;
				CLANG_WARN_ENUM_CONVERSION = YES;
				CLANG_WARN_INFINITE_RECURSION = YES;
				CLANG_WARN_INT_CONVERSION = YES;
				CLANG_WARN_NON_LITERAL_NULL_CONVERSION = YES;
				CLANG_WARN_OBJC_IMPLICIT_RETAIN_SELF = YES;
				CLANG_WARN_OBJC_LITERAL_CONVERSION = YES;
				CLANG_WARN_OBJC_ROOT_CLASS = YES_ERROR;
				CLANG_WARN_QUOTED_INCLUDE_IN_FRAMEWORK_HEADER = YES;
				CLANG_WARN_RANGE_LOOP_ANALYSIS = YES;
				CLANG_WARN_STRICT_PROTOTYPES = YES;
				CLANG_WARN_SUSPICIOUS_MOVE = YES;
				CLANG_WARN_UNGUARDED_AVAILABILITY = YES_AGGRESSIVE;
				CLANG_WARN_UNREACHABLE_CODE = YES;
				CLANG_WARN__DUPLICATE_METHOD_MATCH = YES;
				COPY_PHASE_STRIP = NO;
				DEBUG_INFORMATION_FORMAT = "dwarf-with-dsym";
				ENABLE_NS_ASSERTIONS = NO;
				ENABLE_STRICT_OBJC_MSGSEND = YES;
				ENABLE_USER_SCRIPT_SANDBOXING = YES;
				GCC_C_LANGUAGE_STANDARD = gnu17;
				GCC_NO_COMMON_BLOCKS = YES;
				GCC_WARN_64_TO_32_BIT_CONVERSION = YES;
				GCC_WARN_ABOUT_RETURN_TYPE = YES_ERROR;
				GCC_WARN_UNDECLARED_SELECTOR = YES;
				GCC_WARN_UNINITIALIZED_AUTOS = YES_AGGRESSIVE;
				GCC_WARN_UNUSED_FUNCTION = YES;
				GCC_WARN_UNUSED_VARIABLE = YES;
				IPHONEOS_DEPLOYMENT_TARGET = 17.4;
				LOCALIZATION_PREFERS_STRING_CATALOGS = YES;
				MTL_ENABLE_DEBUG_INFO = NO;
				MTL_FAST_MATH = YES;
				SDKROOT = iphoneos;
				SWIFT_COMPILATION_MODE = wholemodule;
				VALIDATE_PRODUCT = YES;
			};
			name = Release;
		};
		A24BD3B72BBDA90C005565AE /* Debug */ = {
			isa = XCBuildConfiguration;
			buildSettings = {
				ASSETCATALOG_COMPILER_APPICON_NAME = AppIcon;
				ASSETCATALOG_COMPILER_GLOBAL_ACCENT_COLOR_NAME = AccentColor;
				CODE_SIGN_STYLE = Automatic;
				CURRENT_PROJECT_VERSION = 1;
				DEVELOPMENT_TEAM = 65S3TMN4R8;
				GENERATE_INFOPLIST_FILE = YES;
				INFOPLIST_FILE = View/Info.plist;
				INFOPLIST_KEY_UIApplicationSupportsIndirectInputEvents = YES;
				INFOPLIST_KEY_UILaunchStoryboardName = LaunchScreen;
				INFOPLIST_KEY_UIMainStoryboardFile = Main;
				INFOPLIST_KEY_UISupportedInterfaceOrientations_iPad = "UIInterfaceOrientationPortrait UIInterfaceOrientationPortraitUpsideDown UIInterfaceOrientationLandscapeLeft UIInterfaceOrientationLandscapeRight";
				INFOPLIST_KEY_UISupportedInterfaceOrientations_iPhone = "UIInterfaceOrientationPortrait UIInterfaceOrientationLandscapeLeft UIInterfaceOrientationLandscapeRight";
				LD_RUNPATH_SEARCH_PATHS = (
					"$(inherited)",
					"@executable_path/Frameworks",
				);
				MARKETING_VERSION = 1.0;
				PRODUCT_BUNDLE_IDENTIFIER = Kair.View;
				PRODUCT_NAME = "$(TARGET_NAME)";
				SWIFT_EMIT_LOC_STRINGS = YES;
				SWIFT_VERSION = 5.0;
				TARGETED_DEVICE_FAMILY = "1,2";
			};
			name = Debug;
		};
		A24BD3B82BBDA90C005565AE /* Release */ = {
			isa = XCBuildConfiguration;
			buildSettings = {
				ASSETCATALOG_COMPILER_APPICON_NAME = AppIcon;
				ASSETCATALOG_COMPILER_GLOBAL_ACCENT_COLOR_NAME = AccentColor;
				CODE_SIGN_STYLE = Automatic;
				CURRENT_PROJECT_VERSION = 1;
				DEVELOPMENT_TEAM = 65S3TMN4R8;
				GENERATE_INFOPLIST_FILE = YES;
				INFOPLIST_FILE = View/Info.plist;
				INFOPLIST_KEY_UIApplicationSupportsIndirectInputEvents = YES;
				INFOPLIST_KEY_UILaunchStoryboardName = LaunchScreen;
				INFOPLIST_KEY_UIMainStoryboardFile = Main;
				INFOPLIST_KEY_UISupportedInterfaceOrientations_iPad = "UIInterfaceOrientationPortrait UIInterfaceOrientationPortraitUpsideDown UIInterfaceOrientationLandscapeLeft UIInterfaceOrientationLandscapeRight";
				INFOPLIST_KEY_UISupportedInterfaceOrientations_iPhone = "UIInterfaceOrientationPortrait UIInterfaceOrientationLandscapeLeft UIInterfaceOrientationLandscapeRight";
				LD_RUNPATH_SEARCH_PATHS = (
					"$(inherited)",
					"@executable_path/Frameworks",
				);
				MARKETING_VERSION = 1.0;
				PRODUCT_BUNDLE_IDENTIFIER = Kair.View;
				PRODUCT_NAME = "$(TARGET_NAME)";
				SWIFT_EMIT_LOC_STRINGS = YES;
				SWIFT_VERSION = 5.0;
				TARGETED_DEVICE_FAMILY = "1,2";
			};
			name = Release;
		};
		A24BD3BA2BBDA90C005565AE /* Debug */ = {
			isa = XCBuildConfiguration;
			buildSettings = {
				ALWAYS_EMBED_SWIFT_STANDARD_LIBRARIES = YES;
				BUNDLE_LOADER = "$(TEST_HOST)";
				CODE_SIGN_STYLE = Automatic;
				CURRENT_PROJECT_VERSION = 1;
				DEVELOPMENT_TEAM = 65S3TMN4R8;
				GENERATE_INFOPLIST_FILE = YES;
				IPHONEOS_DEPLOYMENT_TARGET = 17.4;
				MARKETING_VERSION = 1.0;
				PRODUCT_BUNDLE_IDENTIFIER = Kair.ViewTests;
				PRODUCT_NAME = "$(TARGET_NAME)";
				SWIFT_EMIT_LOC_STRINGS = NO;
				SWIFT_VERSION = 5.0;
				TARGETED_DEVICE_FAMILY = "1,2";
				TEST_HOST = "$(BUILT_PRODUCTS_DIR)/View.app/$(BUNDLE_EXECUTABLE_FOLDER_PATH)/View";
			};
			name = Debug;
		};
		A24BD3BB2BBDA90C005565AE /* Release */ = {
			isa = XCBuildConfiguration;
			buildSettings = {
				ALWAYS_EMBED_SWIFT_STANDARD_LIBRARIES = YES;
				BUNDLE_LOADER = "$(TEST_HOST)";
				CODE_SIGN_STYLE = Automatic;
				CURRENT_PROJECT_VERSION = 1;
				DEVELOPMENT_TEAM = 65S3TMN4R8;
				GENERATE_INFOPLIST_FILE = YES;
				IPHONEOS_DEPLOYMENT_TARGET = 17.4;
				MARKETING_VERSION = 1.0;
				PRODUCT_BUNDLE_IDENTIFIER = Kair.ViewTests;
				PRODUCT_NAME = "$(TARGET_NAME)";
				SWIFT_EMIT_LOC_STRINGS = NO;
				SWIFT_VERSION = 5.0;
				TARGETED_DEVICE_FAMILY = "1,2";
				TEST_HOST = "$(BUILT_PRODUCTS_DIR)/View.app/$(BUNDLE_EXECUTABLE_FOLDER_PATH)/View";
			};
			name = Release;
		};
		A24BD3BD2BBDA90C005565AE /* Debug */ = {
			isa = XCBuildConfiguration;
			buildSettings = {
				ALWAYS_EMBED_SWIFT_STANDARD_LIBRARIES = YES;
				CODE_SIGN_STYLE = Automatic;
				CURRENT_PROJECT_VERSION = 1;
				DEVELOPMENT_TEAM = 65S3TMN4R8;
				GENERATE_INFOPLIST_FILE = YES;
				MARKETING_VERSION = 1.0;
				PRODUCT_BUNDLE_IDENTIFIER = Kair.ViewUITests;
				PRODUCT_NAME = "$(TARGET_NAME)";
				SWIFT_EMIT_LOC_STRINGS = NO;
				SWIFT_VERSION = 5.0;
				TARGETED_DEVICE_FAMILY = "1,2";
				TEST_TARGET_NAME = View;
			};
			name = Debug;
		};
		A24BD3BE2BBDA90C005565AE /* Release */ = {
			isa = XCBuildConfiguration;
			buildSettings = {
				ALWAYS_EMBED_SWIFT_STANDARD_LIBRARIES = YES;
				CODE_SIGN_STYLE = Automatic;
				CURRENT_PROJECT_VERSION = 1;
				DEVELOPMENT_TEAM = 65S3TMN4R8;
				GENERATE_INFOPLIST_FILE = YES;
				MARKETING_VERSION = 1.0;
				PRODUCT_BUNDLE_IDENTIFIER = Kair.ViewUITests;
				PRODUCT_NAME = "$(TARGET_NAME)";
				SWIFT_EMIT_LOC_STRINGS = NO;
				SWIFT_VERSION = 5.0;
				TARGETED_DEVICE_FAMILY = "1,2";
				TEST_TARGET_NAME = View;
			};
			name = Release;
		};
/* End XCBuildConfiguration section */

/* Begin XCConfigurationList section */
		A24BD3872BBDA909005565AE /* Build configuration list for PBXProject "View" */ = {
			isa = XCConfigurationList;
			buildConfigurations = (
				A24BD3B42BBDA90C005565AE /* Debug */,
				A24BD3B52BBDA90C005565AE /* Release */,
			);
			defaultConfigurationIsVisible = 0;
			defaultConfigurationName = Release;
		};
		A24BD3B62BBDA90C005565AE /* Build configuration list for PBXNativeTarget "View" */ = {
			isa = XCConfigurationList;
			buildConfigurations = (
				A24BD3B72BBDA90C005565AE /* Debug */,
				A24BD3B82BBDA90C005565AE /* Release */,
			);
			defaultConfigurationIsVisible = 0;
			defaultConfigurationName = Release;
		};
		A24BD3B92BBDA90C005565AE /* Build configuration list for PBXNativeTarget "ViewTests" */ = {
			isa = XCConfigurationList;
			buildConfigurations = (
				A24BD3BA2BBDA90C005565AE /* Debug */,
				A24BD3BB2BBDA90C005565AE /* Release */,
			);
			defaultConfigurationIsVisible = 0;
			defaultConfigurationName = Release;
		};
		A24BD3BC2BBDA90C005565AE /* Build configuration list for PBXNativeTarget "ViewUITests" */ = {
			isa = XCConfigurationList;
			buildConfigurations = (
				A24BD3BD2BBDA90C005565AE /* Debug */,
				A24BD3BE2BBDA90C005565AE /* Release */,
			);
			defaultConfigurationIsVisible = 0;
			defaultConfigurationName = Release;
		};
/* End XCConfigurationList section */
	};
	rootObject = A24BD3842BBDA909005565AE /* Project object */;
}
